
Microsoft Visual Studio Solution File, Format Version 12.00
# Visual Studio Version 17
VisualStudioVersion = 17.0.31903.59
MinimumVisualStudioVersion = 10.0.40219.1
Project("{FAE04EC0-301F-11D3-BF4B-00C04F79EFBC}") = "Portal", "Portal\Portal.csproj", "{0ED3E6F8-4D76-4EC5-AEED-43E9467C6F82}"
EndProject
Project("{FAE04EC0-301F-11D3-BF4B-00C04F79EFBC}") = "Gateway", "Gateway\Gateway.csproj", "{9F9AEE19-ECB2-4752-83A0-64F003ADBF1E}"
EndProject
Project("{FAE04EC0-301F-11D3-BF4B-00C04F79EFBC}") = "Collector", "Collector\Collector.csproj", "{F790FFF6-7963-4E2B-9F6D-CB068985B726}"
EndProject
Project("{FAE04EC0-301F-11D3-BF4B-00C04F79EFBC}") = "Shared", "Shared\Shared.csproj", "{A268F5AF-ABE3-4259-B19C-4FAD9772D394}"
EndProject
Global
	GlobalSection(SolutionConfigurationPlatforms) = preSolution
		Debug|Any CPU = Debug|Any CPU
		Release|Any CPU = Release|Any CPU
	EndGlobalSection
	GlobalSection(SolutionProperties) = preSolution
		HideSolutionNode = FALSE
	EndGlobalSection
	GlobalSection(ProjectConfigurationPlatforms) = postSolution
		{0ED3E6F8-4D76-4EC5-AEED-43E9467C6F82}.Debug|Any CPU.ActiveCfg = Debug|Any CPU
		{0ED3E6F8-4D76-4EC5-AEED-43E9467C6F82}.Debug|Any CPU.Build.0 = Debug|Any CPU
		{0ED3E6F8-4D76-4EC5-AEED-43E9467C6F82}.Release|Any CPU.ActiveCfg = Release|Any CPU
		{0ED3E6F8-4D76-4EC5-AEED-43E9467C6F82}.Release|Any CPU.Build.0 = Release|Any CPU
		{9F9AEE19-ECB2-4752-83A0-64F003ADBF1E}.Debug|Any CPU.ActiveCfg = Debug|Any CPU
		{9F9AEE19-ECB2-4752-83A0-64F003ADBF1E}.Debug|Any CPU.Build.0 = Debug|Any CPU
		{9F9AEE19-ECB2-4752-83A0-64F003ADBF1E}.Release|Any CPU.ActiveCfg = Release|Any CPU
		{9F9AEE19-ECB2-4752-83A0-64F003ADBF1E}.Release|Any CPU.Build.0 = Release|Any CPU
		{F790FFF6-7963-4E2B-9F6D-CB068985B726}.Debug|Any CPU.ActiveCfg = Debug|Any CPU
		{F790FFF6-7963-4E2B-9F6D-CB068985B726}.Debug|Any CPU.Build.0 = Debug|Any CPU
		{F790FFF6-7963-4E2B-9F6D-CB068985B726}.Release|Any CPU.ActiveCfg = Release|Any CPU
		{F790FFF6-7963-4E2B-9F6D-CB068985B726}.Release|Any CPU.Build.0 = Release|Any CPU
		{A268F5AF-ABE3-4259-B19C-4FAD9772D394}.Debug|Any CPU.ActiveCfg = Debug|Any CPU
		{A268F5AF-ABE3-4259-B19C-4FAD9772D394}.Debug|Any CPU.Build.0 = Debug|Any CPU
		{A268F5AF-ABE3-4259-B19C-4FAD9772D394}.Release|Any CPU.ActiveCfg = Release|Any CPU
		{A268F5AF-ABE3-4259-B19C-4FAD9772D394}.Release|Any CPU.Build.0 = Release|Any CPU
	EndGlobalSection
EndGlobal
